
Microsoft Visual Studio Solution File, Format Version 12.00
# Visual Studio 15
VisualStudioVersion = 15.0.26124.0
MinimumVisualStudioVersion = 15.0.26124.0
Project("{9A19103F-16F7-4668-BE54-9A1E7A4F7556}") = "UI", "BabyHome\UI.csproj", "{7127CF83-78AB-411E-90C8-C21ACE574CC2}"
EndProject
Project("{9A19103F-16F7-4668-BE54-9A1E7A4F7556}") = "Domain", "Domain\Domain.csproj", "{1A930F17-A62D-44DB-BD32-56B301331324}"
EndProject
Project("{9A19103F-16F7-4668-BE54-9A1E7A4F7556}") = "Application", "Application\Application.csproj", "{4BD3A3EF-A206-4982-93DB-716DE12EC57D}"
EndProject
Project("{9A19103F-16F7-4668-BE54-9A1E7A4F7556}") = "Infrastructure.base", "Infrastructure\Infrastructure.base.csproj", "{CE9968CE-3FDE-4E0E-8C56-7AC332BBC61E}"
EndProject
Project("{9A19103F-16F7-4668-BE54-9A1E7A4F7556}") = "Repository.EntityFrameCore", "Repository\Repository.EntityFrameCore.csproj", "{D748D4EF-EF14-411E-860C-607A45F5A804}"
EndProject
Project("{2150E333-8FDC-42A3-9474-1A3956D46DE8}") = "Repositories", "Repositories", "{E4BFA082-3136-4FC6-8BC1-8B52EB20061E}"
EndProject
Project("{FAE04EC0-301F-11D3-BF4B-00C04F79EFBC}") = "Test", "Test\Test.csproj", "{A2DFB377-2A40-45F8-93E5-F65B70D7CDA1}"
EndProject
Project("{2150E333-8FDC-42A3-9474-1A3956D46DE8}") = "Infrastructure", "Infrastructure", "{4E79E92B-C0F5-4593-89BF-7516A2D5A03C}"
EndProject
Project("{9A19103F-16F7-4668-BE54-9A1E7A4F7556}") = "Infrastructure.Identity", "Infrastructure.Identity\Infrastructure.Identity.csproj", "{43DA5E62-5A5C-4548-976E-E95B68D329F6}"
EndProject
Project("{9A19103F-16F7-4668-BE54-9A1E7A4F7556}") = "Infrastructure.Util", "Infrastructure.Util\Infrastructure.Util.csproj", "{80CEA381-BFC0-4666-B302-6B0656169571}"
EndProject
Project("{FAE04EC0-301F-11D3-BF4B-00C04F79EFBC}") = "Infrastructure.WeChat", "Infrastructure.WeChat\Infrastructure.WeChat.csproj", "{AB365277-E134-4A44-9D2A-9CC4B8AAE557}"
EndProject
Global
	GlobalSection(SolutionConfigurationPlatforms) = preSolution
		Debug|Any CPU = Debug|Any CPU
		Debug|x64 = Debug|x64
		Debug|x86 = Debug|x86
		Release|Any CPU = Release|Any CPU
		Release|x64 = Release|x64
		Release|x86 = Release|x86
	EndGlobalSection
	GlobalSection(ProjectConfigurationPlatforms) = postSolution
		{7127CF83-78AB-411E-90C8-C21ACE574CC2}.Debug|Any CPU.ActiveCfg = Debug|Any CPU
		{7127CF83-78AB-411E-90C8-C21ACE574CC2}.Debug|Any CPU.Build.0 = Debug|Any CPU
		{7127CF83-78AB-411E-90C8-C21ACE574CC2}.Debug|x64.ActiveCfg = Debug|Any CPU
		{7127CF83-78AB-411E-90C8-C21ACE574CC2}.Debug|x64.Build.0 = Debug|Any CPU
		{7127CF83-78AB-411E-90C8-C21ACE574CC2}.Debug|x86.ActiveCfg = Debug|Any CPU
		{7127CF83-78AB-411E-90C8-C21ACE574CC2}.Debug|x86.Build.0 = Debug|Any CPU
		{7127CF83-78AB-411E-90C8-C21ACE574CC2}.Release|Any CPU.ActiveCfg = Release|Any CPU
		{7127CF83-78AB-411E-90C8-C21ACE574CC2}.Release|Any CPU.Build.0 = Release|Any CPU
		{7127CF83-78AB-411E-90C8-C21ACE574CC2}.Release|x64.ActiveCfg = Release|Any CPU
		{7127CF83-78AB-411E-90C8-C21ACE574CC2}.Release|x64.Build.0 = Release|Any CPU
		{7127CF83-78AB-411E-90C8-C21ACE574CC2}.Release|x86.ActiveCfg = Release|Any CPU
		{7127CF83-78AB-411E-90C8-C21ACE574CC2}.Release|x86.Build.0 = Release|Any CPU
		{1A930F17-A62D-44DB-BD32-56B301331324}.Debug|Any CPU.ActiveCfg = Debug|Any CPU
		{1A930F17-A62D-44DB-BD32-56B301331324}.Debug|Any CPU.Build.0 = Debug|Any CPU
		{1A930F17-A62D-44DB-BD32-56B301331324}.Debug|x64.ActiveCfg = Debug|Any CPU
		{1A930F17-A62D-44DB-BD32-56B301331324}.Debug|x64.Build.0 = Debug|Any CPU
		{1A930F17-A62D-44DB-BD32-56B301331324}.Debug|x86.ActiveCfg = Debug|Any CPU
		{1A930F17-A62D-44DB-BD32-56B301331324}.Debug|x86.Build.0 = Debug|Any CPU
		{1A930F17-A62D-44DB-BD32-56B301331324}.Release|Any CPU.ActiveCfg = Release|Any CPU
		{1A930F17-A62D-44DB-BD32-56B301331324}.Release|Any CPU.Build.0 = Release|Any CPU
		{1A930F17-A62D-44DB-BD32-56B301331324}.Release|x64.ActiveCfg = Release|Any CPU
		{1A930F17-A62D-44DB-BD32-56B301331324}.Release|x64.Build.0 = Release|Any CPU
		{1A930F17-A62D-44DB-BD32-56B301331324}.Release|x86.ActiveCfg = Release|Any CPU
		{1A930F17-A62D-44DB-BD32-56B301331324}.Release|x86.Build.0 = Release|Any CPU
		{4BD3A3EF-A206-4982-93DB-716DE12EC57D}.Debug|Any CPU.ActiveCfg = Debug|Any CPU
		{4BD3A3EF-A206-4982-93DB-716DE12EC57D}.Debug|Any CPU.Build.0 = Debug|Any CPU
		{4BD3A3EF-A206-4982-93DB-716DE12EC57D}.Debug|x64.ActiveCfg = Debug|Any CPU
		{4BD3A3EF-A206-4982-93DB-716DE12EC57D}.Debug|x64.Build.0 = Debug|Any CPU
		{4BD3A3EF-A206-4982-93DB-716DE12EC57D}.Debug|x86.ActiveCfg = Debug|Any CPU
		{4BD3A3EF-A206-4982-93DB-716DE12EC57D}.Debug|x86.Build.0 = Debug|Any CPU
		{4BD3A3EF-A206-4982-93DB-716DE12EC57D}.Release|Any CPU.ActiveCfg = Release|Any CPU
		{4BD3A3EF-A206-4982-93DB-716DE12EC57D}.Release|Any CPU.Build.0 = Release|Any CPU
		{4BD3A3EF-A206-4982-93DB-716DE12EC57D}.Release|x64.ActiveCfg = Release|Any CPU
		{4BD3A3EF-A206-4982-93DB-716DE12EC57D}.Release|x64.Build.0 = Release|Any CPU
		{4BD3A3EF-A206-4982-93DB-716DE12EC57D}.Release|x86.ActiveCfg = Release|Any CPU
		{4BD3A3EF-A206-4982-93DB-716DE12EC57D}.Release|x86.Build.0 = Release|Any CPU
		{CE9968CE-3FDE-4E0E-8C56-7AC332BBC61E}.Debug|Any CPU.ActiveCfg = Debug|Any CPU
		{CE9968CE-3FDE-4E0E-8C56-7AC332BBC61E}.Debug|Any CPU.Build.0 = Debug|Any CPU
		{CE9968CE-3FDE-4E0E-8C56-7AC332BBC61E}.Debug|x64.ActiveCfg = Debug|Any CPU
		{CE9968CE-3FDE-4E0E-8C56-7AC332BBC61E}.Debug|x64.Build.0 = Debug|Any CPU
		{CE9968CE-3FDE-4E0E-8C56-7AC332BBC61E}.Debug|x86.ActiveCfg = Debug|Any CPU
		{CE9968CE-3FDE-4E0E-8C56-7AC332BBC61E}.Debug|x86.Build.0 = Debug|Any CPU
		{CE9968CE-3FDE-4E0E-8C56-7AC332BBC61E}.Release|Any CPU.ActiveCfg = Release|Any CPU
		{CE9968CE-3FDE-4E0E-8C56-7AC332BBC61E}.Release|Any CPU.Build.0 = Release|Any CPU
		{CE9968CE-3FDE-4E0E-8C56-7AC332BBC61E}.Release|x64.ActiveCfg = Release|Any CPU
		{CE9968CE-3FDE-4E0E-8C56-7AC332BBC61E}.Release|x64.Build.0 = Release|Any CPU
		{CE9968CE-3FDE-4E0E-8C56-7AC332BBC61E}.Release|x86.ActiveCfg = Release|Any CPU
		{CE9968CE-3FDE-4E0E-8C56-7AC332BBC61E}.Release|x86.Build.0 = Release|Any CPU
		{D748D4EF-EF14-411E-860C-607A45F5A804}.Debug|Any CPU.ActiveCfg = Debug|Any CPU
		{D748D4EF-EF14-411E-860C-607A45F5A804}.Debug|Any CPU.Build.0 = Debug|Any CPU
		{D748D4EF-EF14-411E-860C-607A45F5A804}.Debug|x64.ActiveCfg = Debug|Any CPU
		{D748D4EF-EF14-411E-860C-607A45F5A804}.Debug|x64.Build.0 = Debug|Any CPU
		{D748D4EF-EF14-411E-860C-607A45F5A804}.Debug|x86.ActiveCfg = Debug|Any CPU
		{D748D4EF-EF14-411E-860C-607A45F5A804}.Debug|x86.Build.0 = Debug|Any CPU
		{D748D4EF-EF14-411E-860C-607A45F5A804}.Release|Any CPU.ActiveCfg = Release|Any CPU
		{D748D4EF-EF14-411E-860C-607A45F5A804}.Release|Any CPU.Build.0 = Release|Any CPU
		{D748D4EF-EF14-411E-860C-607A45F5A804}.Release|x64.ActiveCfg = Release|Any CPU
		{D748D4EF-EF14-411E-860C-607A45F5A804}.Release|x64.Build.0 = Release|Any CPU
		{D748D4EF-EF14-411E-860C-607A45F5A804}.Release|x86.ActiveCfg = Release|Any CPU
		{D748D4EF-EF14-411E-860C-607A45F5A804}.Release|x86.Build.0 = Release|Any CPU
		{A2DFB377-2A40-45F8-93E5-F65B70D7CDA1}.Debug|Any CPU.ActiveCfg = Debug|Any CPU
		{A2DFB377-2A40-45F8-93E5-F65B70D7CDA1}.Debug|Any CPU.Build.0 = Debug|Any CPU
		{A2DFB377-2A40-45F8-93E5-F65B70D7CDA1}.Debug|x64.ActiveCfg = Debug|Any CPU
		{A2DFB377-2A40-45F8-93E5-F65B70D7CDA1}.Debug|x64.Build.0 = Debug|Any CPU
		{A2DFB377-2A40-45F8-93E5-F65B70D7CDA1}.Debug|x86.ActiveCfg = Debug|Any CPU
		{A2DFB377-2A40-45F8-93E5-F65B70D7CDA1}.Debug|x86.Build.0 = Debug|Any CPU
		{A2DFB377-2A40-45F8-93E5-F65B70D7CDA1}.Release|Any CPU.ActiveCfg = Release|Any CPU
		{A2DFB377-2A40-45F8-93E5-F65B70D7CDA1}.Release|Any CPU.Build.0 = Release|Any CPU
		{A2DFB377-2A40-45F8-93E5-F65B70D7CDA1}.Release|x64.ActiveCfg = Release|Any CPU
		{A2DFB377-2A40-45F8-93E5-F65B70D7CDA1}.Release|x64.Build.0 = Release|Any CPU
		{A2DFB377-2A40-45F8-93E5-F65B70D7CDA1}.Release|x86.ActiveCfg = Release|Any CPU
		{A2DFB377-2A40-45F8-93E5-F65B70D7CDA1}.Release|x86.Build.0 = Release|Any CPU
		{43DA5E62-5A5C-4548-976E-E95B68D329F6}.Debug|Any CPU.ActiveCfg = Debug|Any CPU
		{43DA5E62-5A5C-4548-976E-E95B68D329F6}.Debug|Any CPU.Build.0 = Debug|Any CPU
		{43DA5E62-5A5C-4548-976E-E95B68D329F6}.Debug|x64.ActiveCfg = Debug|Any CPU
		{43DA5E62-5A5C-4548-976E-E95B68D329F6}.Debug|x64.Build.0 = Debug|Any CPU
		{43DA5E62-5A5C-4548-976E-E95B68D329F6}.Debug|x86.ActiveCfg = Debug|Any CPU
		{43DA5E62-5A5C-4548-976E-E95B68D329F6}.Debug|x86.Build.0 = Debug|Any CPU
		{43DA5E62-5A5C-4548-976E-E95B68D329F6}.Release|Any CPU.ActiveCfg = Release|Any CPU
		{43DA5E62-5A5C-4548-976E-E95B68D329F6}.Release|Any CPU.Build.0 = Release|Any CPU
		{43DA5E62-5A5C-4548-976E-E95B68D329F6}.Release|x64.ActiveCfg = Release|Any CPU
		{43DA5E62-5A5C-4548-976E-E95B68D329F6}.Release|x64.Build.0 = Release|Any CPU
		{43DA5E62-5A5C-4548-976E-E95B68D329F6}.Release|x86.ActiveCfg = Release|Any CPU
		{43DA5E62-5A5C-4548-976E-E95B68D329F6}.Release|x86.Build.0 = Release|Any CPU
		{80CEA381-BFC0-4666-B302-6B0656169571}.Debug|Any CPU.ActiveCfg = Debug|Any CPU
		{80CEA381-BFC0-4666-B302-6B0656169571}.Debug|Any CPU.Build.0 = Debug|Any CPU
		{80CEA381-BFC0-4666-B302-6B0656169571}.Debug|x64.ActiveCfg = Debug|Any CPU
		{80CEA381-BFC0-4666-B302-6B0656169571}.Debug|x64.Build.0 = Debug|Any CPU
		{80CEA381-BFC0-4666-B302-6B0656169571}.Debug|x86.ActiveCfg = Debug|Any CPU
		{80CEA381-BFC0-4666-B302-6B0656169571}.Debug|x86.Build.0 = Debug|Any CPU
		{80CEA381-BFC0-4666-B302-6B0656169571}.Release|Any CPU.ActiveCfg = Release|Any CPU
		{80CEA381-BFC0-4666-B302-6B0656169571}.Release|Any CPU.Build.0 = Release|Any CPU
		{80CEA381-BFC0-4666-B302-6B0656169571}.Release|x64.ActiveCfg = Release|Any CPU
		{80CEA381-BFC0-4666-B302-6B0656169571}.Release|x64.Build.0 = Release|Any CPU
		{80CEA381-BFC0-4666-B302-6B0656169571}.Release|x86.ActiveCfg = Release|Any CPU
		{80CEA381-BFC0-4666-B302-6B0656169571}.Release|x86.Build.0 = Release|Any CPU
		{AB365277-E134-4A44-9D2A-9CC4B8AAE557}.Debug|Any CPU.ActiveCfg = Debug|Any CPU
		{AB365277-E134-4A44-9D2A-9CC4B8AAE557}.Debug|Any CPU.Build.0 = Debug|Any CPU
		{AB365277-E134-4A44-9D2A-9CC4B8AAE557}.Debug|x64.ActiveCfg = Debug|Any CPU
		{AB365277-E134-4A44-9D2A-9CC4B8AAE557}.Debug|x64.Build.0 = Debug|Any CPU
		{AB365277-E134-4A44-9D2A-9CC4B8AAE557}.Debug|x86.ActiveCfg = Debug|Any CPU
		{AB365277-E134-4A44-9D2A-9CC4B8AAE557}.Debug|x86.Build.0 = Debug|Any CPU
		{AB365277-E134-4A44-9D2A-9CC4B8AAE557}.Release|Any CPU.ActiveCfg = Release|Any CPU
		{AB365277-E134-4A44-9D2A-9CC4B8AAE557}.Release|Any CPU.Build.0 = Release|Any CPU
		{AB365277-E134-4A44-9D2A-9CC4B8AAE557}.Release|x64.ActiveCfg = Release|Any CPU
		{AB365277-E134-4A44-9D2A-9CC4B8AAE557}.Release|x64.Build.0 = Release|Any CPU
		{AB365277-E134-4A44-9D2A-9CC4B8AAE557}.Release|x86.ActiveCfg = Release|Any CPU
		{AB365277-E134-4A44-9D2A-9CC4B8AAE557}.Release|x86.Build.0 = Release|Any CPU
	EndGlobalSection
	GlobalSection(SolutionProperties) = preSolution
		HideSolutionNode = FALSE
	EndGlobalSection
	GlobalSection(NestedProjects) = preSolution
		{CE9968CE-3FDE-4E0E-8C56-7AC332BBC61E} = {4E79E92B-C0F5-4593-89BF-7516A2D5A03C}
		{D748D4EF-EF14-411E-860C-607A45F5A804} = {E4BFA082-3136-4FC6-8BC1-8B52EB20061E}
		{43DA5E62-5A5C-4548-976E-E95B68D329F6} = {4E79E92B-C0F5-4593-89BF-7516A2D5A03C}
		{80CEA381-BFC0-4666-B302-6B0656169571} = {4E79E92B-C0F5-4593-89BF-7516A2D5A03C}
		{AB365277-E134-4A44-9D2A-9CC4B8AAE557} = {4E79E92B-C0F5-4593-89BF-7516A2D5A03C}
	EndGlobalSection
	GlobalSection(ExtensibilityGlobals) = postSolution
		SolutionGuid = {96C81312-31AA-45C9-9929-3FC62E76663C}
	EndGlobalSection
EndGlobal
